memo = "f931545b198eae28da811d333b3edba461976c92f7d5e739d190367334648208"

[[projects]]
  branch = "master"
  name = "github.com/beorn7/perks"
  packages = ["quantile"]
  revision = "4c0e84591b9aa9e6dcfdf3e020114cd81f89d5f9"

[[projects]]
  branch = "master"
  name = "github.com/ceph/go-ceph"
  packages = ["rados","rbd"]
  revision = "25b1a318b3872325bccb2cd2afad001c11b9bf4f"

[[projects]]
  name = "github.com/coreos/etcd"
  packages = ["auth/authpb","clientv3","etcdserver/api/v3rpc/rpctypes","etcdserver/etcdserverpb","mvcc/mvccpb","pkg/tlsutil"]
  revision = "43b75072bfaca5a7c35c718179defbcabd9a0886"
  version = "v3.1.7"

[[projects]]
  name = "github.com/ghodss/yaml"
  packages = ["."]
  revision = "0ca9ea5df5451ffdf184b4428c902747c2c11cd7"
  version = "v1.0.0"

[[projects]]
  branch = "master"
  name = "github.com/golang/protobuf"
  packages = ["jsonpb","proto","ptypes/any","ptypes/struct"]
  revision = "fec3b39b059c0f88fa6b20f5ed012b1aa203a8b4"

[[projects]]
  name = "github.com/grpc-ecosystem/go-grpc-prometheus"
  packages = ["."]
  revision = "6b7015e65d366bf3f19b2b2a000a831940f0f7e0"
  version = "v1.1"

[[projects]]
  name = "github.com/grpc-ecosystem/grpc-gateway"
  packages = ["runtime","runtime/internal","utilities"]
  revision = "589b126116b5fc961939b3e156c29e4d9d58222f"
  version = "v1.2.2"

[[projects]]
  name = "github.com/matttproud/golang_protobuf_extensions"
  packages = ["pbutil"]
  revision = "3247c84500bff8d9fb6d579d800f20b3e091582c"
  version = "v1.0.0"

[[projects]]
  name = "github.com/oklog/ulid"
  packages = ["."]
  revision = "d311cb43c92434ec4072dfbbda3400741d0a6337"
  version = "v0.3.0"

[[projects]]
  name = "github.com/prometheus/client_golang"
  packages = ["prometheus"]
  revision = "c5b7fccd204277076155f10851dad72b76a49317"
  version = "v0.8.0"

[[projects]]
  branch = "master"
  name = "github.com/prometheus/client_model"
  packages = ["go"]
  revision = "6f3806018612930941127f2a7c6c453ba2c527d2"

[[projects]]
  branch = "master"
  name = "github.com/prometheus/common"
  packages = ["expfmt","internal/bitbucket.org/ww/goautoneg","model"]
  revision = "13ba4ddd0caa9c28ca7b7bffe1dfa9ed8d5ef207"

[[projects]]
  branch = "master"
  name = "github.com/prometheus/procfs"
  packages = [".","xfs"]
  revision = "d098ca18df8bc825079013daf7bacefbb1ee877e"

[[projects]]
  branch = "master"
  name = "golang.org/x/net"
  packages = ["context","http2","http2/hpack","idna","internal/timeseries","lex/httplex","trace"]
  revision = "513929065c19401a1c7b76ecd942f9f86a0c061b"

[[projects]]
  branch = "master"
  name = "golang.org/x/text"
  packages = ["internal/gen","internal/triegen","internal/ucd","secure/bidirule","transform","unicode/bidi","unicode/cldr","unicode/norm","unicode/rangetable"]
  revision = "19e51611da83d6be54ddafce4a4af510cb3e9ea4"

[[projects]]
  branch = "master"
  name = "google.golang.org/genproto"
  packages = ["googleapis/rpc/status"]
  revision = "bb3573be0c484136831138976d444b8754777aff"

[[projects]]
  name = "google.golang.org/grpc"
  packages = [".","codes","credentials","grpclb/grpc_lb_v1","grpclog","internal","keepalive","metadata","naming","peer","stats","status","tap","transport"]
  revision = "d2e1b51f33ff8c5e4a15560ff049d200e83726c5"
  version = "v1.3.0"

[[projects]]
  branch = "v2"
  name = "gopkg.in/yaml.v2"
  packages = ["."]
  revision = "cd8b52f8269e0feb286dfeef29f8fe4d5b397e0b"
